# This file is autogenerated, do not edit; changes may be undone by the next 'dep ensure'.


[[projects]]
  digest = "1:1bb0b2e3012be2783d1b65e489a96c7fd750b7c7f1a4ff1bb3fe4231f1ef50bb"
  name = "github.com/ShiftLeftSecurity/gaum"
  packages = [
    "db/connection",
    "db/errors",
    "db/logging",
    "db/postgres",
    "db/srm",
  ]
  pruneopts = "UT"
  revision = "b1dd52cbe63afb97e3c48795412e782e0c4f5eb2"
  version = "v0.1.15"

[[projects]]
  digest = "1:e29811535070a766e1a2f174fa83071a72009c30d2e985f5f2564611457b8788"
  name = "github.com/badoux/goscraper"
  packages = ["."]
  pruneopts = "UT"
  revision = "9b4686c4b62c22b0489d53dddf5421605caba33e"
  version = "v1"

[[projects]]
  digest = "1:94a3f73ea591491c6f30804064aab0ca425b6489155fc4d2665c7a1855155354"
  name = "github.com/fluffle/goirc"
  packages = [
    "client",
    "logging",
    "state",
  ]
  pruneopts = "UT"
  revision = "0dc1109b0d8c416a8f3d82783316a5359fc00d60"
  version = "v1.0.1"

[[projects]]
  digest = "1:b60efdeb75d3c0ceed88783ac2495256aba3491a537d0f31401202579fd62a94"
  name = "github.com/golang/mock"
  packages = ["gomock"]
  pruneopts = "UT"
  revision = "51421b967af1f557f93a59e0057aaf15ca02e29c"
  version = "v1.2.0"

[[projects]]
  digest = "1:6a5edb6e9ad91f22d33e01739bbabea324fed674c40bc4f7d60adb48235e8b48"
  name = "github.com/jackc/pgx"
  packages = [
    ".",
    "chunkreader",
    "internal/sanitize",
    "pgio",
    "pgproto3",
    "pgtype",
  ]
  pruneopts = "UT"
  revision = "c59c9cac59ab95eceb0c12ff338923c62f411ea2"
  version = "v3.3.0"

[[projects]]
  digest = "1:0d72291ecb10a37e75f0484eb8e700b0cffbd2501f6e63b282028dcc7830d33c"
  name = "github.com/mvdan/xurls"
  packages = ["."]
  pruneopts = "UT"
  revision = "e52e821cbfe8fe163ff6f8628ab5869b11fc05af"
  version = "v2.0.0"

[[projects]]
  digest = "1:cf31692c14422fa27c83a05292eb5cbe0fb2775972e8f1f8446a71549bd8980b"
  name = "github.com/pkg/errors"
  packages = ["."]
  pruneopts = "UT"
  revision = "ba968bfe8b2f7e042a574c888954fccecfa385b4"
  version = "v0.8.1"

[[projects]]
  branch = "master"
  digest = "1:30ae5fb5259e9dd72405bf822e2076e2bb19883a69c871cfcc9af4c91efe9bf0"
  name = "golang.org/x/net"
  packages = [
    "html",
    "html/atom",
    "html/charset",
    "internal/socks",
    "proxy",
  ]
  pruneopts = "UT"
  revision = "1272bf9dcd53ea65c09668fb4c76e65deb740072"

[[projects]]
  digest = "1:aa4d6967a3237f8367b6bf91503964a77183ecf696f1273e8ad3551bb4412b5f"
  name = "golang.org/x/text"
  packages = [
    "encoding",
    "encoding/charmap",
    "encoding/htmlindex",
    "encoding/internal",
    "encoding/internal/identifier",
    "encoding/japanese",
    "encoding/korean",
    "encoding/simplifiedchinese",
    "encoding/traditionalchinese",
    "encoding/unicode",
    "internal/gen",
    "internal/tag",
    "internal/utf8internal",
    "language",
    "runes",
    "transform",
    "unicode/cldr",
  ]
  pruneopts = "UT"
  revision = "f21a4dfb5e38f5895301dc265a8def02365cc3d0"
  version = "v0.3.0"

[[projects]]
  digest = "1:d37c61a335d13bc49b3f90e9e13c8686e4548839b69c58549e727afb2245c454"
  name = "gopkg.in/ini.v1"
  packages = ["."]
  pruneopts = "UT"
  revision = "c85607071cf08ca1adaf48319cd1aa322e81d8c1"
  version = "v1.42.0"

[solve-meta]
  analyzer-name = "dep"
  analyzer-version = 1
  input-imports = [
    "github.com/ShiftLeftSecurity/gaum/db/connection",
    "github.com/ShiftLeftSecurity/gaum/db/logging",
    "github.com/ShiftLeftSecurity/gaum/db/postgres",
    "github.com/badoux/goscraper",
    "github.com/fluffle/goirc/client",
    "github.com/mvdan/xurls",
    "github.com/pkg/errors",
    "gopkg.in/ini.v1",
  ]
  solver-name = "gps-cdcl"
  solver-version = 1
